
Microsoft Visual Studio Solution File, Format Version 12.00
# Visual Studio Version 17
VisualStudioVersion = 17.0.31903.59
MinimumVisualStudioVersion = 10.0.40219.1
Project("{2150E333-8FDC-42A3-9474-1A3956D46DE8}") = "src", "src", "{14E2B425-B104-4597-8E97-91963D0258DE}"
EndProject
Project("{FAE04EC0-301F-11D3-BF4B-00C04F79EFBC}") = "BookWise.Customer.Api", "src\BookWise.Customer.Api\BookWise.Customer.Api.csproj", "{93DBB70A-2343-4F14-A268-AF2BAE546103}"
EndProject
Project("{FAE04EC0-301F-11D3-BF4B-00C04F79EFBC}") = "BookWise.Customer.Infrastructure", "src\BookWise.Customer.Infrastructure\BookWise.Customer.Infrastructure.csproj", "{D0792D1F-B40A-4E45-A888-A32A243123D1}"
EndProject
Project("{FAE04EC0-301F-11D3-BF4B-00C04F79EFBC}") = "BookWise.Customer.Domain", "src\BookWise.Customer.Domain\BookWise.Customer.Domain.csproj", "{D2BA0E59-DF55-45AF-9137-403D6BE2A32A}"
EndProject
Project("{FAE04EC0-301F-11D3-BF4B-00C04F79EFBC}") = "BookWise.Customer.Application", "src\BookWise.Customer.Application\BookWise.Customer.Application.csproj", "{AA79ECC8-5A3A-47E6-91B3-BA9E5CA713EA}"
EndProject
Project("{2150E333-8FDC-42A3-9474-1A3956D46DE8}") = "tests", "tests", "{63796853-4B16-47BE-8919-DEDC7D9A5774}"
EndProject
Project("{FAE04EC0-301F-11D3-BF4B-00C04F79EFBC}") = "BookWise.Customer.IntegrationTests", "tests\BookWise.Customer.IntegrationTests\BookWise.Customer.IntegrationTests.csproj", "{04C1E764-C5A4-41D3-A515-EF0EE91AA566}"
EndProject
Project("{FAE04EC0-301F-11D3-BF4B-00C04F79EFBC}") = "BookWise.Customer.UtilTests", "tests\BookWise.Customer.UtilTests\BookWise.Customer.UtilTests.csproj", "{F039CE61-CA57-4FF7-928F-B29414EBF75D}"
EndProject
Project("{FAE04EC0-301F-11D3-BF4B-00C04F79EFBC}") = "BookWise.Customer.UnitTests", "tests\BookWise.Customer.UnitTests\BookWise.Customer.UnitTests.csproj", "{569A3813-E8C9-4A52-8AEB-2310F80D9296}"
EndProject
Global
	GlobalSection(SolutionConfigurationPlatforms) = preSolution
		Debug|Any CPU = Debug|Any CPU
		Release|Any CPU = Release|Any CPU
	EndGlobalSection
	GlobalSection(SolutionProperties) = preSolution
		HideSolutionNode = FALSE
	EndGlobalSection
	GlobalSection(ProjectConfigurationPlatforms) = postSolution
		{93DBB70A-2343-4F14-A268-AF2BAE546103}.Debug|Any CPU.ActiveCfg = Debug|Any CPU
		{93DBB70A-2343-4F14-A268-AF2BAE546103}.Debug|Any CPU.Build.0 = Debug|Any CPU
		{93DBB70A-2343-4F14-A268-AF2BAE546103}.Release|Any CPU.ActiveCfg = Release|Any CPU
		{93DBB70A-2343-4F14-A268-AF2BAE546103}.Release|Any CPU.Build.0 = Release|Any CPU
		{D0792D1F-B40A-4E45-A888-A32A243123D1}.Debug|Any CPU.ActiveCfg = Debug|Any CPU
		{D0792D1F-B40A-4E45-A888-A32A243123D1}.Debug|Any CPU.Build.0 = Debug|Any CPU
		{D0792D1F-B40A-4E45-A888-A32A243123D1}.Release|Any CPU.ActiveCfg = Release|Any CPU
		{D0792D1F-B40A-4E45-A888-A32A243123D1}.Release|Any CPU.Build.0 = Release|Any CPU
		{D2BA0E59-DF55-45AF-9137-403D6BE2A32A}.Debug|Any CPU.ActiveCfg = Debug|Any CPU
		{D2BA0E59-DF55-45AF-9137-403D6BE2A32A}.Debug|Any CPU.Build.0 = Debug|Any CPU
		{D2BA0E59-DF55-45AF-9137-403D6BE2A32A}.Release|Any CPU.ActiveCfg = Release|Any CPU
		{D2BA0E59-DF55-45AF-9137-403D6BE2A32A}.Release|Any CPU.Build.0 = Release|Any CPU
		{AA79ECC8-5A3A-47E6-91B3-BA9E5CA713EA}.Debug|Any CPU.ActiveCfg = Debug|Any CPU
		{AA79ECC8-5A3A-47E6-91B3-BA9E5CA713EA}.Debug|Any CPU.Build.0 = Debug|Any CPU
		{AA79ECC8-5A3A-47E6-91B3-BA9E5CA713EA}.Release|Any CPU.ActiveCfg = Release|Any CPU
		{AA79ECC8-5A3A-47E6-91B3-BA9E5CA713EA}.Release|Any CPU.Build.0 = Release|Any CPU
		{04C1E764-C5A4-41D3-A515-EF0EE91AA566}.Debug|Any CPU.ActiveCfg = Debug|Any CPU
		{04C1E764-C5A4-41D3-A515-EF0EE91AA566}.Debug|Any CPU.Build.0 = Debug|Any CPU
		{04C1E764-C5A4-41D3-A515-EF0EE91AA566}.Release|Any CPU.ActiveCfg = Release|Any CPU
		{04C1E764-C5A4-41D3-A515-EF0EE91AA566}.Release|Any CPU.Build.0 = Release|Any CPU
		{F039CE61-CA57-4FF7-928F-B29414EBF75D}.Debug|Any CPU.ActiveCfg = Debug|Any CPU
		{F039CE61-CA57-4FF7-928F-B29414EBF75D}.Debug|Any CPU.Build.0 = Debug|Any CPU
		{F039CE61-CA57-4FF7-928F-B29414EBF75D}.Release|Any CPU.ActiveCfg = Release|Any CPU
		{F039CE61-CA57-4FF7-928F-B29414EBF75D}.Release|Any CPU.Build.0 = Release|Any CPU
		{569A3813-E8C9-4A52-8AEB-2310F80D9296}.Debug|Any CPU.ActiveCfg = Debug|Any CPU
		{569A3813-E8C9-4A52-8AEB-2310F80D9296}.Debug|Any CPU.Build.0 = Debug|Any CPU
		{569A3813-E8C9-4A52-8AEB-2310F80D9296}.Release|Any CPU.ActiveCfg = Release|Any CPU
		{569A3813-E8C9-4A52-8AEB-2310F80D9296}.Release|Any CPU.Build.0 = Release|Any CPU
	EndGlobalSection
	GlobalSection(NestedProjects) = preSolution
		{93DBB70A-2343-4F14-A268-AF2BAE546103} = {14E2B425-B104-4597-8E97-91963D0258DE}
		{D0792D1F-B40A-4E45-A888-A32A243123D1} = {14E2B425-B104-4597-8E97-91963D0258DE}
		{D2BA0E59-DF55-45AF-9137-403D6BE2A32A} = {14E2B425-B104-4597-8E97-91963D0258DE}
		{AA79ECC8-5A3A-47E6-91B3-BA9E5CA713EA} = {14E2B425-B104-4597-8E97-91963D0258DE}
		{04C1E764-C5A4-41D3-A515-EF0EE91AA566} = {63796853-4B16-47BE-8919-DEDC7D9A5774}
		{F039CE61-CA57-4FF7-928F-B29414EBF75D} = {63796853-4B16-47BE-8919-DEDC7D9A5774}
		{569A3813-E8C9-4A52-8AEB-2310F80D9296} = {63796853-4B16-47BE-8919-DEDC7D9A5774}
	EndGlobalSection
EndGlobal
