
Microsoft Visual Studio Solution File, Format Version 12.00
# Visual Studio Version 17
VisualStudioVersion = 17.5.002.0
MinimumVisualStudioVersion = 10.0.40219.1
Project("{2150E333-8FDC-42A3-9474-1A3956D46DE8}") = "src", "src", "{ECB18193-CD27-4024-9D86-B82D36074807}"
EndProject
Project("{9A19103F-16F7-4668-BE54-9A1E7A4F7556}") = "BookWise.Customer.Api", "src\BookWise.Customer.Api\BookWise.Customer.Api.csproj", "{D014DE07-EDF4-4F05-BAD4-F581E16FF956}"
EndProject
Project("{9A19103F-16F7-4668-BE54-9A1E7A4F7556}") = "BookWise.Customer.Application", "src\BookWise.Customer.Application\BookWise.Customer.Application.csproj", "{D8E0F085-89FB-4427-AA1C-B5971CFD0FA1}"
EndProject
Project("{9A19103F-16F7-4668-BE54-9A1E7A4F7556}") = "BookWise.Customer.Domain", "src\BookWise.Customer.Domain\BookWise.Customer.Domain.csproj", "{0983DDD6-7357-42B1-8CB7-AF9D0D66D234}"
EndProject
Project("{9A19103F-16F7-4668-BE54-9A1E7A4F7556}") = "BookWise.Customer.Infrastructure", "src\BookWise.Customer.Infrastructure\BookWise.Customer.Infrastructure.csproj", "{7EA34975-C31E-40EE-A8E1-9F34BCC46A84}"
EndProject
Project("{FAE04EC0-301F-11D3-BF4B-00C04F79EFBC}") = "BookWise.Customer.UnitTests", "tests\BookWise.Customer.UnitTests\BookWise.Customer.UnitTests.csproj", "{D74687FB-43DE-483D-8796-952142CB91CE}"
EndProject
Project("{2150E333-8FDC-42A3-9474-1A3956D46DE8}") = "tests", "tests", "{2425BC62-1D78-48E7-AAFC-80A67D8C8513}"
EndProject
Project("{FAE04EC0-301F-11D3-BF4B-00C04F79EFBC}") = "BookWise.Customer.UtilTests", "tests\BookWise.Customer.UtilTests\BookWise.Customer.UtilTests\BookWise.Customer.UtilTests.csproj", "{920D6D7F-1EA3-4C8D-AE93-A7189318BE45}"
EndProject
Project("{FAE04EC0-301F-11D3-BF4B-00C04F79EFBC}") = "BookWise.Customer.IntegrationTests", "tests\BookWise.Customer.IntegrationTests\BookWise.Customer.IntegrationTests.csproj", "{FE77BE2E-3413-4D30-B17C-AC56B53722D5}"
EndProject
Global
	GlobalSection(SolutionConfigurationPlatforms) = preSolution
		Debug|Any CPU = Debug|Any CPU
		Release|Any CPU = Release|Any CPU
	EndGlobalSection
	GlobalSection(ProjectConfigurationPlatforms) = postSolution
		{D014DE07-EDF4-4F05-BAD4-F581E16FF956}.Debug|Any CPU.ActiveCfg = Debug|Any CPU
		{D014DE07-EDF4-4F05-BAD4-F581E16FF956}.Debug|Any CPU.Build.0 = Debug|Any CPU
		{D014DE07-EDF4-4F05-BAD4-F581E16FF956}.Release|Any CPU.ActiveCfg = Release|Any CPU
		{D014DE07-EDF4-4F05-BAD4-F581E16FF956}.Release|Any CPU.Build.0 = Release|Any CPU
		{D8E0F085-89FB-4427-AA1C-B5971CFD0FA1}.Debug|Any CPU.ActiveCfg = Debug|Any CPU
		{D8E0F085-89FB-4427-AA1C-B5971CFD0FA1}.Debug|Any CPU.Build.0 = Debug|Any CPU
		{D8E0F085-89FB-4427-AA1C-B5971CFD0FA1}.Release|Any CPU.ActiveCfg = Release|Any CPU
		{D8E0F085-89FB-4427-AA1C-B5971CFD0FA1}.Release|Any CPU.Build.0 = Release|Any CPU
		{0983DDD6-7357-42B1-8CB7-AF9D0D66D234}.Debug|Any CPU.ActiveCfg = Debug|Any CPU
		{0983DDD6-7357-42B1-8CB7-AF9D0D66D234}.Debug|Any CPU.Build.0 = Debug|Any CPU
		{0983DDD6-7357-42B1-8CB7-AF9D0D66D234}.Release|Any CPU.ActiveCfg = Release|Any CPU
		{0983DDD6-7357-42B1-8CB7-AF9D0D66D234}.Release|Any CPU.Build.0 = Release|Any CPU
		{7EA34975-C31E-40EE-A8E1-9F34BCC46A84}.Debug|Any CPU.ActiveCfg = Debug|Any CPU
		{7EA34975-C31E-40EE-A8E1-9F34BCC46A84}.Debug|Any CPU.Build.0 = Debug|Any CPU
		{7EA34975-C31E-40EE-A8E1-9F34BCC46A84}.Release|Any CPU.ActiveCfg = Release|Any CPU
		{7EA34975-C31E-40EE-A8E1-9F34BCC46A84}.Release|Any CPU.Build.0 = Release|Any CPU
		{D74687FB-43DE-483D-8796-952142CB91CE}.Debug|Any CPU.ActiveCfg = Debug|Any CPU
		{D74687FB-43DE-483D-8796-952142CB91CE}.Debug|Any CPU.Build.0 = Debug|Any CPU
		{D74687FB-43DE-483D-8796-952142CB91CE}.Release|Any CPU.ActiveCfg = Release|Any CPU
		{D74687FB-43DE-483D-8796-952142CB91CE}.Release|Any CPU.Build.0 = Release|Any CPU
		{920D6D7F-1EA3-4C8D-AE93-A7189318BE45}.Debug|Any CPU.ActiveCfg = Debug|Any CPU
		{920D6D7F-1EA3-4C8D-AE93-A7189318BE45}.Debug|Any CPU.Build.0 = Debug|Any CPU
		{920D6D7F-1EA3-4C8D-AE93-A7189318BE45}.Release|Any CPU.ActiveCfg = Release|Any CPU
		{920D6D7F-1EA3-4C8D-AE93-A7189318BE45}.Release|Any CPU.Build.0 = Release|Any CPU
		{FE77BE2E-3413-4D30-B17C-AC56B53722D5}.Debug|Any CPU.ActiveCfg = Debug|Any CPU
		{FE77BE2E-3413-4D30-B17C-AC56B53722D5}.Debug|Any CPU.Build.0 = Debug|Any CPU
		{FE77BE2E-3413-4D30-B17C-AC56B53722D5}.Release|Any CPU.ActiveCfg = Release|Any CPU
		{FE77BE2E-3413-4D30-B17C-AC56B53722D5}.Release|Any CPU.Build.0 = Release|Any CPU
	EndGlobalSection
	GlobalSection(SolutionProperties) = preSolution
		HideSolutionNode = FALSE
	EndGlobalSection
	GlobalSection(NestedProjects) = preSolution
		{D014DE07-EDF4-4F05-BAD4-F581E16FF956} = {ECB18193-CD27-4024-9D86-B82D36074807}
		{D8E0F085-89FB-4427-AA1C-B5971CFD0FA1} = {ECB18193-CD27-4024-9D86-B82D36074807}
		{0983DDD6-7357-42B1-8CB7-AF9D0D66D234} = {ECB18193-CD27-4024-9D86-B82D36074807}
		{7EA34975-C31E-40EE-A8E1-9F34BCC46A84} = {ECB18193-CD27-4024-9D86-B82D36074807}
		{D74687FB-43DE-483D-8796-952142CB91CE} = {2425BC62-1D78-48E7-AAFC-80A67D8C8513}
		{920D6D7F-1EA3-4C8D-AE93-A7189318BE45} = {2425BC62-1D78-48E7-AAFC-80A67D8C8513}
		{FE77BE2E-3413-4D30-B17C-AC56B53722D5} = {2425BC62-1D78-48E7-AAFC-80A67D8C8513}
	EndGlobalSection
	GlobalSection(ExtensibilityGlobals) = postSolution
		SolutionGuid = {0A413E2B-E18A-43BE-8EA7-C03D11D76080}
	EndGlobalSection
EndGlobal
